
Microsoft Visual Studio Solution File, Format Version 12.00
# Visual Studio 2017
Project("{FAE04EC0-301F-11D3-BF4B-00C04F79EFBC}") = "mobile_player_controller", "mobile_player_controller.csproj", "{6A433590-CD99-5C8E-A818-EF48DF4CFC6B}"
EndProject
Global
	GlobalSection(SolutionConfigurationPlatforms) = preSolution
		Debug|Any CPU = Debug|Any CPU
		Release|Any CPU = Release|Any CPU
	EndGlobalSection
	GlobalSection(ProjectConfigurationPlatforms) = postSolution
		{6A433590-CD99-5C8E-A818-EF48DF4CFC6B}.Debug|Any CPU.ActiveCfg = Debug|Any CPU
		{6A433590-CD99-5C8E-A818-EF48DF4CFC6B}.Debug|Any CPU.Build.0 = Debug|Any CPU
		{6A433590-CD99-5C8E-A818-EF48DF4CFC6B}.Release|Any CPU.ActiveCfg = Release|Any CPU
		{6A433590-CD99-5C8E-A818-EF48DF4CFC6B}.Release|Any CPU.Build.0 = Release|Any CPU
	EndGlobalSection
	GlobalSection(SolutionProperties) = preSolution
		HideSolutionNode = FALSE
	EndGlobalSection
EndGlobal
